Microsoft Visual Studio Solution File, Format Version 12.00
# Visual Studio Version 17
VisualStudioVersion = 17.0.31903.59
MinimumVisualStudioVersion = 10.0.40219.1
Project("{2150E333-8FDC-42A3-9474-1A3956D46DE8}") = "src", "src", "{454CB0A4-76C9-45EF-93D5-AC48B34241EE}"
EndProject
Project("{FAE04EC0-301F-11D3-BF4B-00C04F79EFBC}") = "MetahookInstallerAvalonia", "src\MetahookInstallerAvalonia\MetahookInstallerAvalonia.csproj", "{E5050FE7-73E6-58E4-A2C4-C5AC73F6D8E2}"
EndProject
Project("{FAE04EC0-301F-11D3-BF4B-00C04F79EFBC}") = "MetahookInstallerAvalonia.Desktop", "src\MetahookInstallerAvalonia.Desktop\MetahookInstallerAvalonia.Desktop.csproj", "{BECE7E3E-1C3C-04BC-1407-D1AB5314D60D}"
EndProject
Project("{FAE04EC0-301F-11D3-BF4B-00C04F79EFBC}") = "MetahookInstallerCore", "src\MetahookInstallerCore\MetahookInstallerCore.csproj", "{B6758CEF-66E1-4CFC-BE6B-462C27727456}"
EndProject
Project("{FAE04EC0-301F-11D3-BF4B-00C04F79EFBC}") = "MetahookInstallerCLI", "src\MetahookInstallerCLI\MetahookInstallerCLI.csproj", "{C84C135D-6614-4712-8D49-CB99E255CF6B}"
EndProject
Project("{FAE04EC0-301F-11D3-BF4B-00C04F79EFBC}") = "MetahookInstaller.FileTests", "tests\MetahookInstaller.FileTests\MetahookInstaller.FileTests.csproj", "{01E5F3AD-7460-4D33-9AD1-C34A32E036A3}"
EndProject
Global
	GlobalSection(SolutionConfigurationPlatforms) = preSolution
		Debug|Any CPU = Debug|Any CPU
		Debug|x64 = Debug|x64
		Debug|x86 = Debug|x86
		Release|Any CPU = Release|Any CPU
		Release|x64 = Release|x64
		Release|x86 = Release|x86
	EndGlobalSection
	GlobalSection(ProjectConfigurationPlatforms) = postSolution
		{E5050FE7-73E6-58E4-A2C4-C5AC73F6D8E2}.Debug|Any CPU.ActiveCfg = Debug|Any CPU
		{E5050FE7-73E6-58E4-A2C4-C5AC73F6D8E2}.Debug|Any CPU.Build.0 = Debug|Any CPU
		{E5050FE7-73E6-58E4-A2C4-C5AC73F6D8E2}.Debug|x64.ActiveCfg = Debug|Any CPU
		{E5050FE7-73E6-58E4-A2C4-C5AC73F6D8E2}.Debug|x64.Build.0 = Debug|Any CPU
		{E5050FE7-73E6-58E4-A2C4-C5AC73F6D8E2}.Debug|x86.ActiveCfg = Debug|Any CPU
		{E5050FE7-73E6-58E4-A2C4-C5AC73F6D8E2}.Debug|x86.Build.0 = Debug|Any CPU
		{E5050FE7-73E6-58E4-A2C4-C5AC73F6D8E2}.Release|Any CPU.ActiveCfg = Release|Any CPU
		{E5050FE7-73E6-58E4-A2C4-C5AC73F6D8E2}.Release|Any CPU.Build.0 = Release|Any CPU
		{E5050FE7-73E6-58E4-A2C4-C5AC73F6D8E2}.Release|x64.ActiveCfg = Release|Any CPU
		{E5050FE7-73E6-58E4-A2C4-C5AC73F6D8E2}.Release|x64.Build.0 = Release|Any CPU
		{E5050FE7-73E6-58E4-A2C4-C5AC73F6D8E2}.Release|x86.ActiveCfg = Release|Any CPU
		{E5050FE7-73E6-58E4-A2C4-C5AC73F6D8E2}.Release|x86.Build.0 = Release|Any CPU
		{BECE7E3E-1C3C-04BC-1407-D1AB5314D60D}.Debug|Any CPU.ActiveCfg = Debug|Any CPU
		{BECE7E3E-1C3C-04BC-1407-D1AB5314D60D}.Debug|Any CPU.Build.0 = Debug|Any CPU
		{BECE7E3E-1C3C-04BC-1407-D1AB5314D60D}.Debug|x64.ActiveCfg = Debug|Any CPU
		{BECE7E3E-1C3C-04BC-1407-D1AB5314D60D}.Debug|x64.Build.0 = Debug|Any CPU
		{BECE7E3E-1C3C-04BC-1407-D1AB5314D60D}.Debug|x86.ActiveCfg = Debug|Any CPU
		{BECE7E3E-1C3C-04BC-1407-D1AB5314D60D}.Debug|x86.Build.0 = Debug|Any CPU
		{BECE7E3E-1C3C-04BC-1407-D1AB5314D60D}.Release|Any CPU.ActiveCfg = Release|Any CPU
		{BECE7E3E-1C3C-04BC-1407-D1AB5314D60D}.Release|Any CPU.Build.0 = Release|Any CPU
		{BECE7E3E-1C3C-04BC-1407-D1AB5314D60D}.Release|x64.ActiveCfg = Release|Any CPU
		{BECE7E3E-1C3C-04BC-1407-D1AB5314D60D}.Release|x64.Build.0 = Release|Any CPU
		{BECE7E3E-1C3C-04BC-1407-D1AB5314D60D}.Release|x86.ActiveCfg = Release|Any CPU
		{BECE7E3E-1C3C-04BC-1407-D1AB5314D60D}.Release|x86.Build.0 = Release|Any CPU
		{B6758CEF-66E1-4CFC-BE6B-462C27727456}.Debug|Any CPU.ActiveCfg = Debug|Any CPU
		{B6758CEF-66E1-4CFC-BE6B-462C27727456}.Debug|Any CPU.Build.0 = Debug|Any CPU
		{B6758CEF-66E1-4CFC-BE6B-462C27727456}.Debug|x64.ActiveCfg = Debug|Any CPU
		{B6758CEF-66E1-4CFC-BE6B-462C27727456}.Debug|x64.Build.0 = Debug|Any CPU
		{B6758CEF-66E1-4CFC-BE6B-462C27727456}.Debug|x86.ActiveCfg = Debug|Any CPU
		{B6758CEF-66E1-4CFC-BE6B-462C27727456}.Debug|x86.Build.0 = Debug|Any CPU
		{B6758CEF-66E1-4CFC-BE6B-462C27727456}.Release|Any CPU.ActiveCfg = Release|Any CPU
		{B6758CEF-66E1-4CFC-BE6B-462C27727456}.Release|Any CPU.Build.0 = Release|Any CPU
		{B6758CEF-66E1-4CFC-BE6B-462C27727456}.Release|x64.ActiveCfg = Release|Any CPU
		{B6758CEF-66E1-4CFC-BE6B-462C27727456}.Release|x64.Build.0 = Release|Any CPU
		{B6758CEF-66E1-4CFC-BE6B-462C27727456}.Release|x86.ActiveCfg = Release|Any CPU
		{B6758CEF-66E1-4CFC-BE6B-462C27727456}.Release|x86.Build.0 = Release|Any CPU
		{C84C135D-6614-4712-8D49-CB99E255CF6B}.Debug|Any CPU.ActiveCfg = Debug|Any CPU
		{C84C135D-6614-4712-8D49-CB99E255CF6B}.Debug|Any CPU.Build.0 = Debug|Any CPU
		{C84C135D-6614-4712-8D49-CB99E255CF6B}.Debug|x64.ActiveCfg = Debug|Any CPU
		{C84C135D-6614-4712-8D49-CB99E255CF6B}.Debug|x64.Build.0 = Debug|Any CPU
		{C84C135D-6614-4712-8D49-CB99E255CF6B}.Debug|x86.ActiveCfg = Debug|Any CPU
		{C84C135D-6614-4712-8D49-CB99E255CF6B}.Debug|x86.Build.0 = Debug|Any CPU
		{C84C135D-6614-4712-8D49-CB99E255CF6B}.Release|Any CPU.ActiveCfg = Release|Any CPU
		{C84C135D-6614-4712-8D49-CB99E255CF6B}.Release|Any CPU.Build.0 = Release|Any CPU
		{C84C135D-6614-4712-8D49-CB99E255CF6B}.Release|x64.ActiveCfg = Release|Any CPU
		{C84C135D-6614-4712-8D49-CB99E255CF6B}.Release|x64.Build.0 = Release|Any CPU
		{C84C135D-6614-4712-8D49-CB99E255CF6B}.Release|x86.ActiveCfg = Release|Any CPU
		{C84C135D-6614-4712-8D49-CB99E255CF6B}.Release|x86.Build.0 = Release|Any CPU
		{01E5F3AD-7460-4D33-9AD1-C34A32E036A3}.Debug|Any CPU.ActiveCfg = Debug|Any CPU
		{01E5F3AD-7460-4D33-9AD1-C34A32E036A3}.Debug|Any CPU.Build.0 = Debug|Any CPU
		{01E5F3AD-7460-4D33-9AD1-C34A32E036A3}.Debug|x64.ActiveCfg = Debug|Any CPU
		{01E5F3AD-7460-4D33-9AD1-C34A32E036A3}.Debug|x64.Build.0 = Debug|Any CPU
		{01E5F3AD-7460-4D33-9AD1-C34A32E036A3}.Debug|x86.ActiveCfg = Debug|Any CPU
		{01E5F3AD-7460-4D33-9AD1-C34A32E036A3}.Debug|x86.Build.0 = Debug|Any CPU
		{01E5F3AD-7460-4D33-9AD1-C34A32E036A3}.Release|Any CPU.ActiveCfg = Release|Any CPU
		{01E5F3AD-7460-4D33-9AD1-C34A32E036A3}.Release|Any CPU.Build.0 = Release|Any CPU
		{01E5F3AD-7460-4D33-9AD1-C34A32E036A3}.Release|x64.ActiveCfg = Release|Any CPU
		{01E5F3AD-7460-4D33-9AD1-C34A32E036A3}.Release|x64.Build.0 = Release|Any CPU
		{01E5F3AD-7460-4D33-9AD1-C34A32E036A3}.Release|x86.ActiveCfg = Release|Any CPU
		{01E5F3AD-7460-4D33-9AD1-C34A32E036A3}.Release|x86.Build.0 = Release|Any CPU
	EndGlobalSection
	GlobalSection(SolutionProperties) = preSolution
		HideSolutionNode = FALSE
	EndGlobalSection
	GlobalSection(NestedProjects) = preSolution
		{E5050FE7-73E6-58E4-A2C4-C5AC73F6D8E2} = {454CB0A4-76C9-45EF-93D5-AC48B34241EE}
		{BECE7E3E-1C3C-04BC-1407-D1AB5314D60D} = {454CB0A4-76C9-45EF-93D5-AC48B34241EE}
		{B6758CEF-66E1-4CFC-BE6B-462C27727456} = {454CB0A4-76C9-45EF-93D5-AC48B34241EE}
		{C84C135D-6614-4712-8D49-CB99E255CF6B} = {454CB0A4-76C9-45EF-93D5-AC48B34241EE}
		{01E5F3AD-7460-4D33-9AD1-C34A32E036A3} = {454CB0A4-76C9-45EF-93D5-AC48B34241EE}
	EndGlobalSection
EndGlobal
